// !$*UTF8*$!
{
	archiveVersion = 1;
	classes = {
	};
	objectVersion = 50;
	objects = {

/* Begin PBXBuildFile section */
		A1D8B2B8210985540031739B /* AppDelegate.swift in Sources */ = {isa = PBXBuildFile; fileRef = A1D8B2B7210985540031739B /* AppDelegate.swift */; };
		A1D8B2BA210985540031739B /* ViewController.swift in Sources */ = {isa = PBXBuildFile; fileRef = A1D8B2B9210985540031739B /* ViewController.swift */; };
		A1D8B2BD210985540031739B /* Main.storyboard in Resources */ = {isa = PBXBuildFile; fileRef = A1D8B2BB210985540031739B /* Main.storyboard */; };
		A1D8B2BF210985540031739B /* Assets.xcassets in Resources */ = {isa = PBXBuildFile; fileRef = A1D8B2BE210985540031739B /* Assets.xcassets */; };
		A1D8B2C2210985540031739B /* LaunchScreen.storyboard in Resources */ = {isa = PBXBuildFile; fileRef = A1D8B2C0210985540031739B /* LaunchScreen.storyboard */; };
		BFEA2049389598DA229F49C6 /* libPods-TestingSwift.a in Frameworks */ = {isa = PBXBuildFile; fileRef = C3509971981F1EFEFF44CEA0 /* libPods-TestingSwift.a */; };
/* End PBXBuildFile section */

/* Begin PBXFileReference section */
		1AAEB17B92FE4F828C65D1FA /* Pods-TestingSwift.debug.xcconfig */ = {isa = PBXFileReference; includeInIndex = 1; lastKnownFileType = text.xcconfig; name = "Pods-TestingSwift.debug.xcconfig"; path = "Pods/Target Support Files/Pods-TestingSwift/Pods-TestingSwift.debug.xcconfig"; sourceTree = "<group>"; };
		A1D8B2B4210985530031739B /* TestingSwift.app */ = {isa = PBXFileReference; explicitFileType = wrapper.application; includeInIndex = 0; path = TestingSwift.app; sourceTree = BUILT_PRODUCTS_DIR; };
		A1D8B2B7210985540031739B /* AppDelegate.swift */ = {isa = PBXFileReference; lastKnownFileType = sourcecode.swift; path = AppDelegate.swift; sourceTree = "<group>"; };
		A1D8B2B9210985540031739B /* ViewController.swift */ = {isa = PBXFileReference; lastKnownFileType = sourcecode.swift; path = ViewController.swift; sourceTree = "<group>"; };
		A1D8B2BC210985540031739B /* Base */ = {isa = PBXFileReference; lastKnownFileType = file.storyboard; name = Base; path = Base.lproj/Main.storyboard; sourceTree = "<group>"; };
		A1D8B2BE210985540031739B /* Assets.xcassets */ = {isa = PBXFileReference; lastKnownFileType = folder.assetcatalog; path = Assets.xcassets; sourceTree = "<group>"; };
		A1D8B2C1210985540031739B /* Base */ = {isa = PBXFileReference; lastKnownFileType = file.storyboard; name = Base; path = Base.lproj/LaunchScreen.storyboard; sourceTree = "<group>"; };
		A1D8B2C3210985540031739B /* Info.plist */ = {isa = PBXFileReference; lastKnownFileType = text.plist.xml; path = Info.plist; sourceTree = "<group>"; };
		C3509971981F1EFEFF44CEA0 /* libPods-TestingSwift.a */ = {isa = PBXFileReference; explicitFileType = archive.ar; includeInIndex = 0; path = "libPods-TestingSwift.a"; sourceTree = BUILT_PRODUCTS_DIR; };
		C8DAED89342CE47213D4B289 /* Pods-TestingSwift.release.xcconfig */ = {isa = PBXFileReference; includeInIndex = 1; lastKnownFileType = text.xcconfig; name = "Pods-TestingSwift.release.xcconfig"; path = "Pods/Target Support Files/Pods-TestingSwift/Pods-TestingSwift.release.xcconfig"; sourceTree = "<group>"; };
/* End PBXFileReference section */

/* Begin PBXFrameworksBuildPhase section */
		A1D8B2B1210985530031739B /* Frameworks */ = {
			isa = PBXFrameworksBuildPhase;
			buildActionMask = 2147483647;
			files = (
				BFEA2049389598DA229F49C6 /* libPods-TestingSwift.a in Frameworks */,
			);
			runOnlyForDeploymentPostprocessing = 0;
		};
/* End PBXFrameworksBuildPhase section */

/* Begin PBXGroup section */
		42C964C486599D040B83C741 /* Pods */ = {
			isa = PBXGroup;
			children = (
				1AAEB17B92FE4F828C65D1FA /* Pods-TestingSwift.debug.xcconfig */,
				C8DAED89342CE47213D4B289 /* Pods-TestingSwift.release.xcconfig */,
			);
			name = Pods;
			sourceTree = "<group>";
		};
		67F7F3BEB0B53D8B4C2FBF87 /* Frameworks */ = {
			isa = PBXGroup;
			children = (
				C3509971981F1EFEFF44CEA0 /* libPods-TestingSwift.a */,
			);
			name = Frameworks;
			sourceTree = "<group>";
		};
		A1D8B2AB210985530031739B = {
			isa = PBXGroup;
			children = (
				A1D8B2B6210985530031739B /* TestingSwift */,
				A1D8B2B5210985530031739B /* Products */,
				42C964C486599D040B83C741 /* Pods */,
				67F7F3BEB0B53D8B4C2FBF87 /* Frameworks */,
			);
			sourceTree = "<group>";
		};
		A1D8B2B5210985530031739B /* Products */ = {
			isa = PBXGroup;
			children = (
				A1D8B2B4210985530031739B /* TestingSwift.app */,
			);
			name = Products;
			sourceTree = "<group>";
		};
		A1D8B2B6210985530031739B /* TestingSwift */ = {
			isa = PBXGroup;
			children = (
				A1D8B2B7210985540031739B /* AppDelegate.swift */,
				A1D8B2B9210985540031739B /* ViewController.swift */,
				A1D8B2BB210985540031739B /* Main.storyboard */,
				A1D8B2BE210985540031739B /* Assets.xcassets */,
				A1D8B2C0210985540031739B /* LaunchScreen.storyboard */,
				A1D8B2C3210985540031739B /* Info.plist */,
			);
			path = TestingSwift;
			sourceTree = "<group>";
		};
/* End PBXGroup section */

/* Begin PBXNativeTarget section */
		A1D8B2B3210985530031739B /* TestingSwift */ = {
			isa = PBXNativeTarget;
			buildConfigurationList = A1D8B2C6210985540031739B /* Build configuration list for PBXNativeTarget "TestingSwift" */;
			buildPhases = (
				0479434D1B9F1226A89F8E09 /* [CP] Check Pods Manifest.lock */,
				A1D8B2B0210985530031739B /* Sources */,
				A1D8B2B1210985530031739B /* Frameworks */,
				A1D8B2B2210985530031739B /* Resources */,
			);
			buildRules = (
			);
			dependencies = (
			);
			name = TestingSwift;
			productName = TestingSwift;
			productReference = A1D8B2B4210985530031739B /* TestingSwift.app */;
			productType = "com.apple.product-type.application";
		};
/* End PBXNativeTarget section */

/* Begin PBXProject section */
		A1D8B2AC210985530031739B /* Project object */ = {
			isa = PBXProject;
			attributes = {
				LastSwiftUpdateCheck = 0940;
				LastUpgradeCheck = 0940;
				ORGANIZATIONNAME = "Noah Gilmore";
				TargetAttributes = {
					A1D8B2B3210985530031739B = {
						CreatedOnToolsVersion = 9.4.1;
					};
				};
			};
			buildConfigurationList = A1D8B2AF210985530031739B /* Build configuration list for PBXProject "TestingSwift" */;
			compatibilityVersion = "Xcode 9.3";
			developmentRegion = en;
			hasScannedForEncodings = 0;
			knownRegions = (
				en,
				Base,
			);
			mainGroup = A1D8B2AB210985530031739B;
			productRefGroup = A1D8B2B5210985530031739B /* Products */;
			projectDirPath = "";
			projectRoot = "";
			targets = (
				A1D8B2B3210985530031739B /* TestingSwift */,
			);
		};
/* End PBXProject section */

/* Begin PBXResourcesBuildPhase section */
		A1D8B2B2210985530031739B /* Resources */ = {
			isa = PBXResourcesBuildPhase;
			buildActionMask = 2147483647;
			files = (
				A1D8B2C2210985540031739B /* LaunchScreen.storyboard in Resources */,
				A1D8B2BF210985540031739B /* Assets.xcassets in Resources */,
				A1D8B2BD210985540031739B /* Main.storyboard in Resources */,
			);
			runOnlyForDeploymentPostprocessing = 0;
		};
/* End PBXResourcesBuildPhase section */

/* Begin PBXShellScriptBuildPhase section */
		0479434D1B9F1226A89F8E09 /* [CP] Check Pods Manifest.lock */ = {
			isa = PBXShellScriptBuildPhase;
			buildActionMask = 2147483647;
			files = (
			);
			inputPaths = (
				"${PODS_PODFILE_DIR_PATH}/Podfile.lock",
				"${PODS_ROOT}/Manifest.lock",
			);
			name = "[CP] Check Pods Manifest.lock";
			outputPaths = (
				"$(DERIVED_FILE_DIR)/Pods-TestingSwift-checkManifestLockResult.txt",
			);
			runOnlyForDeploymentPostprocessing = 0;
			shellPath = /bin/sh;
			shellScript = "diff \"${PODS_PODFILE_DIR_PATH}/Podfile.lock\" \"${PODS_ROOT}/Manifest.lock\" > /dev/null\nif [ $? != 0 ] ; then\n    # print error to STDERR\n    echo \"error: The sandbox is not in sync with the Podfile.lock. Run 'pod install' or update your CocoaPods installation.\" >&2\n    exit 1\nfi\n# This output is used by Xcode 'outputs' to avoid re-running this script phase.\necho \"SUCCESS\" > \"${SCRIPT_OUTPUT_FILE_0}\"\n";
			showEnvVarsInLog = 0;
		};
/* End PBXShellScriptBuildPhase section */

/* Begin PBXSourcesBuildPhase section */
		A1D8B2B0210985530031739B /* Sources */ = {
			isa = PBXSourcesBuildPhase;
			buildActionMask = 2147483647;
			files = (
				A1D8B2BA210985540031739B /* ViewController.swift in Sources */,
				A1D8B2B8210985540031739B /* AppDelegate.swift in Sources */,
			);
			runOnlyForDeploymentPostprocessing = 0;
		};
/* End PBXSourcesBuildPhase section */

/* Begin PBXVariantGroup section */
		A1D8B2BB210985540031739B /* Main.storyboard */ = {
			isa = PBXVariantGroup;
			children = (
				A1D8B2BC210985540031739B /* Base */,
			);
			name = Main.storyboard;
			sourceTree = "<group>";
		};
		A1D8B2C0210985540031739B /* LaunchScreen.storyboard */ = {
			isa = PBXVariantGroup;
			children = (
				A1D8B2C1210985540031739B /* Base */,
			);
			name = LaunchScreen.storyboard;
			sourceTree = "<group>";
		};
/* End PBXVariantGroup section */

/* Begin XCBuildConfiguration section */
		A1D8B2C4210985540031739B /* Debug */ = {
			isa = XCBuildConfiguration;
			buildSettings = {
				ALWAYS_SEARCH_USER_PATHS = NO;
				CLANG_ANALYZER_NONNULL = YES;
				CLANG_ANALYZER_NUMBER_OBJECT_CONVERSION = YES_AGGRESSIVE;
				CLANG_CXX_LANGUAGE_STANDARD = "gnu++14";
				CLANG_CXX_LIBRARY = "libc++";
				CLANG_ENABLE_MODULES = YES;
				CLANG_ENABLE_OBJC_ARC = YES;
				CLANG_ENABLE_OBJC_WEAK = YES;
				CLANG_WARN_BLOCK_CAPTURE_AUTORELEASING = YES;
				CLANG_WARN_BOOL_CONVERSION = YES;
				CLANG_WARN_COMMA = YES;
				CLANG_WARN_CONSTANT_CONVERSION = YES;
				CLANG_WARN_DEPRECATED_OBJC_IMPLEMENTATIONS = YES;
				CLANG_WARN_DIRECT_OBJC_ISA_USAGE = YES_ERROR;
				CLANG_WARN_DOCUMENTATION_COMMENTS = YES;
				CLANG_WARN_EMPTY_BODY = YES;
				CLANG_WARN_ENUM_CONVERSION = YES;
				CLANG_WARN_INFINITE_RECURSION = YES;
				CLANG_WARN_INT_CONVERSION = YES;
				CLANG_WARN_NON_LITERAL_NULL_CONVERSION = YES;
				CLANG_WARN_OBJC_IMPLICIT_RETAIN_SELF = YES;
				CLANG_WARN_OBJC_LITERAL_CONVERSION = YES;
				CLANG_WARN_OBJC_ROOT_CLASS = YES_ERROR;
				CLANG_WARN_RANGE_LOOP_ANALYSIS = YES;
				CLANG_WARN_STRICT_PROTOTYPES = YES;
				CLANG_WARN_SUSPICIOUS_MOVE = YES;
				CLANG_WARN_UNGUARDED_AVAILABILITY = YES_AGGRESSIVE;
				CLANG_WARN_UNREACHABLE_CODE = YES;
				CLANG_WARN__DUPLICATE_METHOD_MATCH = YES;
				CODE_SIGN_IDENTITY = "iPhone Developer";
				COPY_PHASE_STRIP = NO;
				DEBUG_INFORMATION_FORMAT = dwarf;
				ENABLE_STRICT_OBJC_MSGSEND = YES;
				ENABLE_TESTABILITY = YES;
				GCC_C_LANGUAGE_STANDARD = gnu11;
				GCC_DYNAMIC_NO_PIC = NO;
				GCC_NO_COMMON_BLOCKS = YES;
				GCC_OPTIMIZATION_LEVEL = 0;
				GCC_PREPROCESSOR_DEFINITIONS = (
					"DEBUG=1",
					"$(inherited)",
				);
				GCC_WARN_64_TO_32_BIT_CONVERSION = YES;
				GCC_WARN_ABOUT_RETURN_TYPE = YES_ERROR;
				GCC_WARN_UNDECLARED_SELECTOR = YES;
				GCC_WARN_UNINITIALIZED_AUTOS = YES_AGGRESSIVE;
				GCC_WARN_UNUSED_FUNCTION = YES;
				GCC_WARN_UNUSED_VARIABLE = YES;
				IPHONEOS_DEPLOYMENT_TARGET = 11.4;
				MTL_ENABLE_DEBUG_INFO = YES;
				ONLY_ACTIVE_ARCH = YES;
				SDKROOT = iphoneos;
				SWIFT_ACTIVE_COMPILATION_CONDITIONS = DEBUG;
				SWIFT_OPTIMIZATION_LEVEL = "-Onone";
			};
			name = Debug;
		};
		A1D8B2C5210985540031739B /* Release */ = {
			isa = XCBuildConfiguration;
			buildSettings = {
				ALWAYS_SEARCH_USER_PATHS = NO;
				CLANG_ANALYZER_NONNULL = YES;
				CLANG_ANALYZER_NUMBER_OBJECT_CONVERSION = YES_AGGRESSIVE;
				CLANG_CXX_LANGUAGE_STANDARD = "gnu++14";
				CLANG_CXX_LIBRARY = "libc++";
				CLANG_ENABLE_MODULES = YES;
				CLANG_ENABLE_OBJC_ARC = YES;
				CLANG_ENABLE_OBJC_WEAK = YES;
				CLANG_WARN_BLOCK_CAPTURE_AUTORELEASING = YES;
				CLANG_WARN_BOOL_CONVERSION = YES;
				CLANG_WARN_COMMA = YES;
				CLANG_WARN_CONSTANT_CONVERSION = YES;
				CLANG_WARN_DEPRECATED_OBJC_IMPLEMENTATIONS = YES;
				CLANG_WARN_DIRECT_OBJC_ISA_USAGE = YES_ERROR;
				CLANG_WARN_DOCUMENTATION_COMMENTS = YES;
				CLANG_WARN_EMPTY_BODY = YES;
				CLANG_WARN_ENUM_CONVERSION = YES;
				CLANG_WARN_INFINITE_RECURSION = YES;
				CLANG_WARN_INT_CONVERSION = YES;
				CLANG_WARN_NON_LITERAL_NULL_CONVERSION = YES;
				CLANG_WARN_OBJC_IMPLICIT_RETAIN_SELF = YES;
				CLANG_WARN_OBJC_LITERAL_CONVERSION = YES;
				CLANG_WARN_OBJC_ROOT_CLASS = YES_ERROR;
				CLANG_WARN_RANGE_LOOP_ANALYSIS = YES;
				CLANG_WARN_STRICT_PROTOTYPES = YES;
				CLANG_WARN_SUSPICIOUS_MOVE = YES;
				CLANG_WARN_UNGUARDED_AVAILABILITY = YES_AGGRESSIVE;
				CLANG_WARN_UNREACHABLE_CODE = YES;
				CLANG_WARN__DUPLICATE_METHOD_MATCH = YES;
				CODE_SIGN_IDENTITY = "iPhone Developer";
				COPY_PHASE_STRIP = NO;
				DEBUG_INFORMATION_FORMAT = "dwarf-with-dsym";
				ENABLE_NS_ASSERTIONS = NO;
				ENABLE_STRICT_OBJC_MSGSEND = YES;
				GCC_C_LANGUAGE_STANDARD = gnu11;
				GCC_NO_COMMON_BLOCKS = YES;
				GCC_WARN_64_TO_32_BIT_CONVERSION = YES;
				GCC_WARN_ABOUT_RETURN_TYPE = YES_ERROR;
				GCC_WARN_UNDECLARED_SELECTOR = YES;
				GCC_WARN_UNINITIALIZED_AUTOS = YES_AGGRESSIVE;
				GCC_WARN_UNUSED_FUNCTION = YES;
				GCC_WARN_UNUSED_VARIABLE = YES;
				IPHONEOS_DEPLOYMENT_TARGET = 11.4;
				MTL_ENABLE_DEBUG_INFO = NO;
				SDKROOT = iphoneos;
				SWIFT_COMPILATION_MODE = wholemodule;
				SWIFT_OPTIMIZATION_LEVEL = "-O";
				VALIDATE_PRODUCT = YES;
			};
			name = Release;
		};
		A1D8B2C7210985540031739B /* Debug */ = {
			isa = XCBuildConfiguration;
			baseConfigurationReference = 1AAEB17B92FE4F828C65D1FA /* Pods-TestingSwift.debug.xcconfig */;
			buildSettings = {
				ASSETCATALOG_COMPILER_APPICON_NAME = AppIcon;
				CODE_SIGN_STYLE = Automatic;
				INFOPLIST_FILE = TestingSwift/Info.plist;
				LD_RUNPATH_SEARCH_PATHS = (
					"$(inherited)",
					"@executable_path/Frameworks",
				);
				PRODUCT_BUNDLE_IDENTIFIER = com.noahgilmore.sonar.TestingSwift;
				PRODUCT_NAME = "$(TARGET_NAME)";
				SWIFT_VERSION = 4.0;
				TARGETED_DEVICE_FAMILY = "1,2";
			};
			name = Debug;
		};
		A1D8B2C8210985540031739B /* Release */ = {
			isa = XCBuildConfiguration;
			baseConfigurationReference = C8DAED89342CE47213D4B289 /* Pods-TestingSwift.release.xcconfig */;
			buildSettings = {
				ASSETCATALOG_COMPILER_APPICON_NAME = AppIcon;
				CODE_SIGN_STYLE = Automatic;
				INFOPLIST_FILE = TestingSwift/Info.plist;
				LD_RUNPATH_SEARCH_PATHS = (
					"$(inherited)",
					"@executable_path/Frameworks",
				);
				PRODUCT_BUNDLE_IDENTIFIER = com.noahgilmore.sonar.TestingSwift;
				PRODUCT_NAME = "$(TARGET_NAME)";
				SWIFT_VERSION = 4.0;
				TARGETED_DEVICE_FAMILY = "1,2";
			};
			name = Release;
		};
/* End XCBuildConfiguration section */

/* Begin XCConfigurationList section */
		A1D8B2AF210985530031739B /* Build configuration list for PBXProject "TestingSwift" */ = {
			isa = XCConfigurationList;
			buildConfigurations = (
				A1D8B2C4210985540031739B /* Debug */,
				A1D8B2C5210985540031739B /* Release */,
			);
			defaultConfigurationIsVisible = 0;
			defaultConfigurationName = Release;
		};
		A1D8B2C6210985540031739B /* Build configuration list for PBXNativeTarget "TestingSwift" */ = {
			isa = XCConfigurationList;
			buildConfigurations = (
				A1D8B2C7210985540031739B /* Debug */,
				A1D8B2C8210985540031739B /* Release */,
			);
			defaultConfigurationIsVisible = 0;
			defaultConfigurationName = Release;
		};
/* End XCConfigurationList section */
	};
	rootObject = A1D8B2AC210985530031739B /* Project object */;
}
